
Microsoft Visual Studio Solution File, Format Version 12.00
# Visual Studio Version 16
VisualStudioVersion = 16.0.31019.35
MinimumVisualStudioVersion = 10.0.40219.1
Project("{9A19103F-16F7-4668-BE54-9A1E7A4F7556}") = "OneHub.Common", "OneHub.Common\OneHub.Common.csproj", "{8A04A714-C25E-43CE-92F4-4E72F71403AA}"
EndProject
Global
	GlobalSection(SolutionConfigurationPlatforms) = preSolution
		Debug|Any CPU = Debug|Any CPU
		Release|Any CPU = Release|Any CPU
	EndGlobalSection
	GlobalSection(ProjectConfigurationPlatforms) = postSolution
		{8A04A714-C25E-43CE-92F4-4E72F71403AA}.Debug|Any CPU.ActiveCfg = Debug|Any CPU
		{8A04A714-C25E-43CE-92F4-4E72F71403AA}.Debug|Any CPU.Build.0 = Debug|Any CPU
		{8A04A714-C25E-43CE-92F4-4E72F71403AA}.Release|Any CPU.ActiveCfg = Release|Any CPU
		{8A04A714-C25E-43CE-92F4-4E72F71403AA}.Release|Any CPU.Build.0 = Release|Any CPU
	EndGlobalSection
	GlobalSection(SolutionProperties) = preSolution
		HideSolutionNode = FALSE
	EndGlobalSection
	GlobalSection(ExtensibilityGlobals) = postSolution
		SolutionGuid = {2586463B-DB3D-44EF-8F19-6E3FFFF0432F}
	EndGlobalSection
EndGlobal
